
Microsoft Visual Studio Solution File, Format Version 12.00
# Visual Studio Version 17
VisualStudioVersion = 17.4.33205.214
MinimumVisualStudioVersion = 10.0.40219.1
Project("{FAE04EC0-301F-11D3-BF4B-00C04F79EFBC}") = "MessageAutoRead.Android", "MessageAutoRead\MessageAutoRead.Android\MessageAutoRead.Android.csproj", "{642724E9-C19C-461D-86B9-B70E73604F45}"
EndProject
Project("{FAE04EC0-301F-11D3-BF4B-00C04F79EFBC}") = "MessageAutoRead.iOS", "MessageAutoRead\MessageAutoRead.iOS\MessageAutoRead.iOS.csproj", "{D1B81665-2620-4D34-B6A6-16FF9BD4E53A}"
EndProject
Project("{FAE04EC0-301F-11D3-BF4B-00C04F79EFBC}") = "MessageAutoRead", "MessageAutoRead\MessageAutoRead\MessageAutoRead.csproj", "{416DE67C-8DF1-472C-A01C-BEEED7A75BB3}"
EndProject
Global
	GlobalSection(SolutionConfigurationPlatforms) = preSolution
		Debug|Any CPU = Debug|Any CPU
		Debug|iPhone = Debug|iPhone
		Debug|iPhoneSimulator = Debug|iPhoneSimulator
		Release|Any CPU = Release|Any CPU
		Release|iPhone = Release|iPhone
		Release|iPhoneSimulator = Release|iPhoneSimulator
	EndGlobalSection
	GlobalSection(ProjectConfigurationPlatforms) = postSolution
		{642724E9-C19C-461D-86B9-B70E73604F45}.Debug|Any CPU.ActiveCfg = Debug|Any CPU
		{642724E9-C19C-461D-86B9-B70E73604F45}.Debug|Any CPU.Build.0 = Debug|Any CPU
		{642724E9-C19C-461D-86B9-B70E73604F45}.Debug|Any CPU.Deploy.0 = Debug|Any CPU
		{642724E9-C19C-461D-86B9-B70E73604F45}.Debug|iPhone.ActiveCfg = Debug|Any CPU
		{642724E9-C19C-461D-86B9-B70E73604F45}.Debug|iPhone.Build.0 = Debug|Any CPU
		{642724E9-C19C-461D-86B9-B70E73604F45}.Debug|iPhone.Deploy.0 = Debug|Any CPU
		{642724E9-C19C-461D-86B9-B70E73604F45}.Debug|iPhoneSimulator.ActiveCfg = Debug|Any CPU
		{642724E9-C19C-461D-86B9-B70E73604F45}.Debug|iPhoneSimulator.Build.0 = Debug|Any CPU
		{642724E9-C19C-461D-86B9-B70E73604F45}.Debug|iPhoneSimulator.Deploy.0 = Debug|Any CPU
		{642724E9-C19C-461D-86B9-B70E73604F45}.Release|Any CPU.ActiveCfg = Release|Any CPU
		{642724E9-C19C-461D-86B9-B70E73604F45}.Release|Any CPU.Build.0 = Release|Any CPU
		{642724E9-C19C-461D-86B9-B70E73604F45}.Release|Any CPU.Deploy.0 = Release|Any CPU
		{642724E9-C19C-461D-86B9-B70E73604F45}.Release|iPhone.ActiveCfg = Release|Any CPU
		{642724E9-C19C-461D-86B9-B70E73604F45}.Release|iPhone.Build.0 = Release|Any CPU
		{642724E9-C19C-461D-86B9-B70E73604F45}.Release|iPhone.Deploy.0 = Release|Any CPU
		{642724E9-C19C-461D-86B9-B70E73604F45}.Release|iPhoneSimulator.ActiveCfg = Release|Any CPU
		{642724E9-C19C-461D-86B9-B70E73604F45}.Release|iPhoneSimulator.Build.0 = Release|Any CPU
		{642724E9-C19C-461D-86B9-B70E73604F45}.Release|iPhoneSimulator.Deploy.0 = Release|Any CPU
		{D1B81665-2620-4D34-B6A6-16FF9BD4E53A}.Debug|Any CPU.ActiveCfg = Debug|iPhone
		{D1B81665-2620-4D34-B6A6-16FF9BD4E53A}.Debug|Any CPU.Build.0 = Debug|iPhone
		{D1B81665-2620-4D34-B6A6-16FF9BD4E53A}.Debug|Any CPU.Deploy.0 = Debug|iPhone
		{D1B81665-2620-4D34-B6A6-16FF9BD4E53A}.Debug|iPhone.ActiveCfg = Debug|iPhone
		{D1B81665-2620-4D34-B6A6-16FF9BD4E53A}.Debug|iPhone.Build.0 = Debug|iPhone
		{D1B81665-2620-4D34-B6A6-16FF9BD4E53A}.Debug|iPhone.Deploy.0 = Debug|iPhone
		{D1B81665-2620-4D34-B6A6-16FF9BD4E53A}.Debug|iPhoneSimulator.ActiveCfg = Debug|iPhoneSimulator
		{D1B81665-2620-4D34-B6A6-16FF9BD4E53A}.Debug|iPhoneSimulator.Build.0 = Debug|iPhoneSimulator
		{D1B81665-2620-4D34-B6A6-16FF9BD4E53A}.Debug|iPhoneSimulator.Deploy.0 = Debug|iPhoneSimulator
		{D1B81665-2620-4D34-B6A6-16FF9BD4E53A}.Release|Any CPU.ActiveCfg = Release|iPhoneSimulator
		{D1B81665-2620-4D34-B6A6-16FF9BD4E53A}.Release|Any CPU.Build.0 = Release|iPhoneSimulator
		{D1B81665-2620-4D34-B6A6-16FF9BD4E53A}.Release|Any CPU.Deploy.0 = Release|iPhoneSimulator
		{D1B81665-2620-4D34-B6A6-16FF9BD4E53A}.Release|iPhone.ActiveCfg = Release|iPhone
		{D1B81665-2620-4D34-B6A6-16FF9BD4E53A}.Release|iPhone.Build.0 = Release|iPhone
		{D1B81665-2620-4D34-B6A6-16FF9BD4E53A}.Release|iPhone.Deploy.0 = Release|iPhone
		{D1B81665-2620-4D34-B6A6-16FF9BD4E53A}.Release|iPhoneSimulator.ActiveCfg = Release|iPhoneSimulator
		{D1B81665-2620-4D34-B6A6-16FF9BD4E53A}.Release|iPhoneSimulator.Build.0 = Release|iPhoneSimulator
		{D1B81665-2620-4D34-B6A6-16FF9BD4E53A}.Release|iPhoneSimulator.Deploy.0 = Release|iPhoneSimulator
		{416DE67C-8DF1-472C-A01C-BEEED7A75BB3}.Debug|Any CPU.ActiveCfg = Debug|Any CPU
		{416DE67C-8DF1-472C-A01C-BEEED7A75BB3}.Debug|Any CPU.Build.0 = Debug|Any CPU
		{416DE67C-8DF1-472C-A01C-BEEED7A75BB3}.Debug|Any CPU.Deploy.0 = Debug|Any CPU
		{416DE67C-8DF1-472C-A01C-BEEED7A75BB3}.Debug|iPhone.ActiveCfg = Debug|Any CPU
		{416DE67C-8DF1-472C-A01C-BEEED7A75BB3}.Debug|iPhone.Build.0 = Debug|Any CPU
		{416DE67C-8DF1-472C-A01C-BEEED7A75BB3}.Debug|iPhone.Deploy.0 = Debug|Any CPU
		{416DE67C-8DF1-472C-A01C-BEEED7A75BB3}.Debug|iPhoneSimulator.ActiveCfg = Debug|Any CPU
		{416DE67C-8DF1-472C-A01C-BEEED7A75BB3}.Debug|iPhoneSimulator.Build.0 = Debug|Any CPU
		{416DE67C-8DF1-472C-A01C-BEEED7A75BB3}.Debug|iPhoneSimulator.Deploy.0 = Debug|Any CPU
		{416DE67C-8DF1-472C-A01C-BEEED7A75BB3}.Release|Any CPU.ActiveCfg = Release|Any CPU
		{416DE67C-8DF1-472C-A01C-BEEED7A75BB3}.Release|Any CPU.Build.0 = Release|Any CPU
		{416DE67C-8DF1-472C-A01C-BEEED7A75BB3}.Release|Any CPU.Deploy.0 = Release|Any CPU
		{416DE67C-8DF1-472C-A01C-BEEED7A75BB3}.Release|iPhone.ActiveCfg = Release|Any CPU
		{416DE67C-8DF1-472C-A01C-BEEED7A75BB3}.Release|iPhone.Build.0 = Release|Any CPU
		{416DE67C-8DF1-472C-A01C-BEEED7A75BB3}.Release|iPhone.Deploy.0 = Release|Any CPU
		{416DE67C-8DF1-472C-A01C-BEEED7A75BB3}.Release|iPhoneSimulator.ActiveCfg = Release|Any CPU
		{416DE67C-8DF1-472C-A01C-BEEED7A75BB3}.Release|iPhoneSimulator.Build.0 = Release|Any CPU
		{416DE67C-8DF1-472C-A01C-BEEED7A75BB3}.Release|iPhoneSimulator.Deploy.0 = Release|Any CPU
	EndGlobalSection
	GlobalSection(SolutionProperties) = preSolution
		HideSolutionNode = FALSE
	EndGlobalSection
	GlobalSection(ExtensibilityGlobals) = postSolution
		SolutionGuid = {F7E11094-3EC6-42E8-A143-3ED0DCF5B642}
	EndGlobalSection
EndGlobal
